
Microsoft Visual Studio Solution File, Format Version 12.00
# Visual Studio Version 17
VisualStudioVersion = 17.9.34701.34
MinimumVisualStudioVersion = 10.0.40219.1
Project("{FAE04EC0-301F-11D3-BF4B-00C04F79EFBC}") = "EcommerceBackend", "EcommerceBackend\EcommerceBackend.csproj", "{6354265B-840F-432B-953A-85607BABCE2C}"
EndProject
Global
	GlobalSection(SolutionConfigurationPlatforms) = preSolution
		Debug|Any CPU = Debug|Any CPU
		Release|Any CPU = Release|Any CPU
	EndGlobalSection
	GlobalSection(ProjectConfigurationPlatforms) = postSolution
		{6354265B-840F-432B-953A-85607BABCE2C}.Debug|Any CPU.ActiveCfg = Debug|Any CPU
		{6354265B-840F-432B-953A-85607BABCE2C}.Debug|Any CPU.Build.0 = Debug|Any CPU
		{6354265B-840F-432B-953A-85607BABCE2C}.Release|Any CPU.ActiveCfg = Release|Any CPU
		{6354265B-840F-432B-953A-85607BABCE2C}.Release|Any CPU.Build.0 = Release|Any CPU
	EndGlobalSection
	GlobalSection(SolutionProperties) = preSolution
		HideSolutionNode = FALSE
	EndGlobalSection
	GlobalSection(ExtensibilityGlobals) = postSolution
		SolutionGuid = {8FE02E07-76B2-4E17-A008-923A6F0D6970}
	EndGlobalSection
EndGlobal
